
Microsoft Visual Studio Solution File, Format Version 12.00
# Visual Studio Version 17
VisualStudioVersion = 17.0.31903.59
MinimumVisualStudioVersion = 10.0.40219.1
Project("{2150E333-8FDC-42A3-9474-1A3956D46DE8}") = "Services", "Services", "{5854FF58-B8C5-05C6-5BF2-ACE42193F22B}"
EndProject
Project("{FAE04EC0-301F-11D3-BF4B-00C04F79EFBC}") = "ProductsService", "Services\ProductsService\ProductsService.csproj", "{7A968E05-E1D4-4589-ABD4-D056A119D54A}"
EndProject
Project("{FAE04EC0-301F-11D3-BF4B-00C04F79EFBC}") = "UsersService", "Services\UsersService\UsersService.csproj", "{630D4BF7-4CF0-45FB-8408-294A174016CC}"
EndProject
Project("{FAE04EC0-301F-11D3-BF4B-00C04F79EFBC}") = "OrdersService", "Services\OrdersService\OrdersService.csproj", "{682487D0-811C-40D7-96DC-0E60324C2A06}"
EndProject
Project("{FAE04EC0-301F-11D3-BF4B-00C04F79EFBC}") = "PaymentsService", "Services\PaymentsService\PaymentsService.csproj", "{DEF4CDFE-7A6A-46F7-B67D-595C88F2047A}"
EndProject
Project("{FAE04EC0-301F-11D3-BF4B-00C04F79EFBC}") = "ApiGateway", "Gateway\ApiGateway\ApiGateway.csproj", "{F8FF93A3-207F-4286-A3FB-8DC9C24E3A25}"
EndProject
Project("{2150E333-8FDC-42A3-9474-1A3956D46DE8}") = "Shared", "Shared", "{4F52FD11-658E-A102-6CD3-7D7C16FFA15B}"
EndProject
Project("{FAE04EC0-301F-11D3-BF4B-00C04F79EFBC}") = "SharedModels", "Shared\SharedModels\SharedModels.csproj", "{D1E134E3-1F88-4954-89E8-6CD15CDAEA6F}"
EndProject
Global
	GlobalSection(SolutionConfigurationPlatforms) = preSolution
		Debug|Any CPU = Debug|Any CPU
		Debug|x64 = Debug|x64
		Debug|x86 = Debug|x86
		Release|Any CPU = Release|Any CPU
		Release|x64 = Release|x64
		Release|x86 = Release|x86
	EndGlobalSection
	GlobalSection(ProjectConfigurationPlatforms) = postSolution
		{7A968E05-E1D4-4589-ABD4-D056A119D54A}.Debug|Any CPU.ActiveCfg = Debug|Any CPU
		{7A968E05-E1D4-4589-ABD4-D056A119D54A}.Debug|Any CPU.Build.0 = Debug|Any CPU
		{7A968E05-E1D4-4589-ABD4-D056A119D54A}.Debug|x64.ActiveCfg = Debug|Any CPU
		{7A968E05-E1D4-4589-ABD4-D056A119D54A}.Debug|x64.Build.0 = Debug|Any CPU
		{7A968E05-E1D4-4589-ABD4-D056A119D54A}.Debug|x86.ActiveCfg = Debug|Any CPU
		{7A968E05-E1D4-4589-ABD4-D056A119D54A}.Debug|x86.Build.0 = Debug|Any CPU
		{7A968E05-E1D4-4589-ABD4-D056A119D54A}.Release|Any CPU.ActiveCfg = Release|Any CPU
		{7A968E05-E1D4-4589-ABD4-D056A119D54A}.Release|Any CPU.Build.0 = Release|Any CPU
		{7A968E05-E1D4-4589-ABD4-D056A119D54A}.Release|x64.ActiveCfg = Release|Any CPU
		{7A968E05-E1D4-4589-ABD4-D056A119D54A}.Release|x64.Build.0 = Release|Any CPU
		{7A968E05-E1D4-4589-ABD4-D056A119D54A}.Release|x86.ActiveCfg = Release|Any CPU
		{7A968E05-E1D4-4589-ABD4-D056A119D54A}.Release|x86.Build.0 = Release|Any CPU
		{630D4BF7-4CF0-45FB-8408-294A174016CC}.Debug|Any CPU.ActiveCfg = Debug|Any CPU
		{630D4BF7-4CF0-45FB-8408-294A174016CC}.Debug|Any CPU.Build.0 = Debug|Any CPU
		{630D4BF7-4CF0-45FB-8408-294A174016CC}.Debug|x64.ActiveCfg = Debug|Any CPU
		{630D4BF7-4CF0-45FB-8408-294A174016CC}.Debug|x64.Build.0 = Debug|Any CPU
		{630D4BF7-4CF0-45FB-8408-294A174016CC}.Debug|x86.ActiveCfg = Debug|Any CPU
		{630D4BF7-4CF0-45FB-8408-294A174016CC}.Debug|x86.Build.0 = Debug|Any CPU
		{630D4BF7-4CF0-45FB-8408-294A174016CC}.Release|Any CPU.ActiveCfg = Release|Any CPU
		{630D4BF7-4CF0-45FB-8408-294A174016CC}.Release|Any CPU.Build.0 = Release|Any CPU
		{630D4BF7-4CF0-45FB-8408-294A174016CC}.Release|x64.ActiveCfg = Release|Any CPU
		{630D4BF7-4CF0-45FB-8408-294A174016CC}.Release|x64.Build.0 = Release|Any CPU
		{630D4BF7-4CF0-45FB-8408-294A174016CC}.Release|x86.ActiveCfg = Release|Any CPU
		{630D4BF7-4CF0-45FB-8408-294A174016CC}.Release|x86.Build.0 = Release|Any CPU
		{682487D0-811C-40D7-96DC-0E60324C2A06}.Debug|Any CPU.ActiveCfg = Debug|Any CPU
		{682487D0-811C-40D7-96DC-0E60324C2A06}.Debug|Any CPU.Build.0 = Debug|Any CPU
		{682487D0-811C-40D7-96DC-0E60324C2A06}.Debug|x64.ActiveCfg = Debug|Any CPU
		{682487D0-811C-40D7-96DC-0E60324C2A06}.Debug|x64.Build.0 = Debug|Any CPU
		{682487D0-811C-40D7-96DC-0E60324C2A06}.Debug|x86.ActiveCfg = Debug|Any CPU
		{682487D0-811C-40D7-96DC-0E60324C2A06}.Debug|x86.Build.0 = Debug|Any CPU
		{682487D0-811C-40D7-96DC-0E60324C2A06}.Release|Any CPU.ActiveCfg = Release|Any CPU
		{682487D0-811C-40D7-96DC-0E60324C2A06}.Release|Any CPU.Build.0 = Release|Any CPU
		{682487D0-811C-40D7-96DC-0E60324C2A06}.Release|x64.ActiveCfg = Release|Any CPU
		{682487D0-811C-40D7-96DC-0E60324C2A06}.Release|x64.Build.0 = Release|Any CPU
		{682487D0-811C-40D7-96DC-0E60324C2A06}.Release|x86.ActiveCfg = Release|Any CPU
		{682487D0-811C-40D7-96DC-0E60324C2A06}.Release|x86.Build.0 = Release|Any CPU
		{DEF4CDFE-7A6A-46F7-B67D-595C88F2047A}.Debug|Any CPU.ActiveCfg = Debug|Any CPU
		{DEF4CDFE-7A6A-46F7-B67D-595C88F2047A}.Debug|Any CPU.Build.0 = Debug|Any CPU
		{DEF4CDFE-7A6A-46F7-B67D-595C88F2047A}.Debug|x64.ActiveCfg = Debug|Any CPU
		{DEF4CDFE-7A6A-46F7-B67D-595C88F2047A}.Debug|x64.Build.0 = Debug|Any CPU
		{DEF4CDFE-7A6A-46F7-B67D-595C88F2047A}.Debug|x86.ActiveCfg = Debug|Any CPU
		{DEF4CDFE-7A6A-46F7-B67D-595C88F2047A}.Debug|x86.Build.0 = Debug|Any CPU
		{DEF4CDFE-7A6A-46F7-B67D-595C88F2047A}.Release|Any CPU.ActiveCfg = Release|Any CPU
		{DEF4CDFE-7A6A-46F7-B67D-595C88F2047A}.Release|Any CPU.Build.0 = Release|Any CPU
		{DEF4CDFE-7A6A-46F7-B67D-595C88F2047A}.Release|x64.ActiveCfg = Release|Any CPU
		{DEF4CDFE-7A6A-46F7-B67D-595C88F2047A}.Release|x64.Build.0 = Release|Any CPU
		{DEF4CDFE-7A6A-46F7-B67D-595C88F2047A}.Release|x86.ActiveCfg = Release|Any CPU
		{DEF4CDFE-7A6A-46F7-B67D-595C88F2047A}.Release|x86.Build.0 = Release|Any CPU
		{F8FF93A3-207F-4286-A3FB-8DC9C24E3A25}.Debug|Any CPU.ActiveCfg = Debug|Any CPU
		{F8FF93A3-207F-4286-A3FB-8DC9C24E3A25}.Debug|Any CPU.Build.0 = Debug|Any CPU
		{F8FF93A3-207F-4286-A3FB-8DC9C24E3A25}.Debug|x64.ActiveCfg = Debug|Any CPU
		{F8FF93A3-207F-4286-A3FB-8DC9C24E3A25}.Debug|x64.Build.0 = Debug|Any CPU
		{F8FF93A3-207F-4286-A3FB-8DC9C24E3A25}.Debug|x86.ActiveCfg = Debug|Any CPU
		{F8FF93A3-207F-4286-A3FB-8DC9C24E3A25}.Debug|x86.Build.0 = Debug|Any CPU
		{F8FF93A3-207F-4286-A3FB-8DC9C24E3A25}.Release|Any CPU.ActiveCfg = Release|Any CPU
		{F8FF93A3-207F-4286-A3FB-8DC9C24E3A25}.Release|Any CPU.Build.0 = Release|Any CPU
		{F8FF93A3-207F-4286-A3FB-8DC9C24E3A25}.Release|x64.ActiveCfg = Release|Any CPU
		{F8FF93A3-207F-4286-A3FB-8DC9C24E3A25}.Release|x64.Build.0 = Release|Any CPU
		{F8FF93A3-207F-4286-A3FB-8DC9C24E3A25}.Release|x86.ActiveCfg = Release|Any CPU
		{F8FF93A3-207F-4286-A3FB-8DC9C24E3A25}.Release|x86.Build.0 = Release|Any CPU
		{D1E134E3-1F88-4954-89E8-6CD15CDAEA6F}.Debug|Any CPU.ActiveCfg = Debug|Any CPU
		{D1E134E3-1F88-4954-89E8-6CD15CDAEA6F}.Debug|Any CPU.Build.0 = Debug|Any CPU
		{D1E134E3-1F88-4954-89E8-6CD15CDAEA6F}.Debug|x64.ActiveCfg = Debug|Any CPU
		{D1E134E3-1F88-4954-89E8-6CD15CDAEA6F}.Debug|x64.Build.0 = Debug|Any CPU
		{D1E134E3-1F88-4954-89E8-6CD15CDAEA6F}.Debug|x86.ActiveCfg = Debug|Any CPU
		{D1E134E3-1F88-4954-89E8-6CD15CDAEA6F}.Debug|x86.Build.0 = Debug|Any CPU
		{D1E134E3-1F88-4954-89E8-6CD15CDAEA6F}.Release|Any CPU.ActiveCfg = Release|Any CPU
		{D1E134E3-1F88-4954-89E8-6CD15CDAEA6F}.Release|Any CPU.Build.0 = Release|Any CPU
		{D1E134E3-1F88-4954-89E8-6CD15CDAEA6F}.Release|x64.ActiveCfg = Release|Any CPU
		{D1E134E3-1F88-4954-89E8-6CD15CDAEA6F}.Release|x64.Build.0 = Release|Any CPU
		{D1E134E3-1F88-4954-89E8-6CD15CDAEA6F}.Release|x86.ActiveCfg = Release|Any CPU
		{D1E134E3-1F88-4954-89E8-6CD15CDAEA6F}.Release|x86.Build.0 = Release|Any CPU
	EndGlobalSection
	GlobalSection(SolutionProperties) = preSolution
		HideSolutionNode = FALSE
	EndGlobalSection
	GlobalSection(NestedProjects) = preSolution
		{7A968E05-E1D4-4589-ABD4-D056A119D54A} = {5854FF58-B8C5-05C6-5BF2-ACE42193F22B}
		{630D4BF7-4CF0-45FB-8408-294A174016CC} = {5854FF58-B8C5-05C6-5BF2-ACE42193F22B}
		{682487D0-811C-40D7-96DC-0E60324C2A06} = {5854FF58-B8C5-05C6-5BF2-ACE42193F22B}
		{DEF4CDFE-7A6A-46F7-B67D-595C88F2047A} = {5854FF58-B8C5-05C6-5BF2-ACE42193F22B}
		{F8FF93A3-207F-4286-A3FB-8DC9C24E3A25} = {5854FF58-B8C5-05C6-5BF2-ACE42193F22B}
		{D1E134E3-1F88-4954-89E8-6CD15CDAEA6F} = {4F52FD11-658E-A102-6CD3-7D7C16FFA15B}
	EndGlobalSection
EndGlobal
